
Microsoft Visual Studio Solution File, Format Version 12.00
# Visual Studio 15
VisualStudioVersion = 15.0.28307.421
MinimumVisualStudioVersion = 10.0.40219.1
Project("{8BC9CEB8-8B4A-11D0-8D11-00A0C91BC942}") = "KBBFL big data", "KBBFL big data\KBBFL big data.vcxproj", "{C96AC168-450D-42F5-8983-50F1AEA4B071}"
EndProject
Global
	GlobalSection(SolutionConfigurationPlatforms) = preSolution
		Debug|x64 = Debug|x64
		Debug|x86 = Debug|x86
		Release|x64 = Release|x64
		Release|x86 = Release|x86
	EndGlobalSection
	GlobalSection(ProjectConfigurationPlatforms) = postSolution
		{C96AC168-450D-42F5-8983-50F1AEA4B071}.Debug|x64.ActiveCfg = Debug|x64
		{C96AC168-450D-42F5-8983-50F1AEA4B071}.Debug|x64.Build.0 = Debug|x64
		{C96AC168-450D-42F5-8983-50F1AEA4B071}.Debug|x86.ActiveCfg = Debug|Win32
		{C96AC168-450D-42F5-8983-50F1AEA4B071}.Debug|x86.Build.0 = Debug|Win32
		{C96AC168-450D-42F5-8983-50F1AEA4B071}.Release|x64.ActiveCfg = Release|x64
		{C96AC168-450D-42F5-8983-50F1AEA4B071}.Release|x64.Build.0 = Release|x64
		{C96AC168-450D-42F5-8983-50F1AEA4B071}.Release|x86.ActiveCfg = Release|Win32
		{C96AC168-450D-42F5-8983-50F1AEA4B071}.Release|x86.Build.0 = Release|Win32
	EndGlobalSection
	GlobalSection(SolutionProperties) = preSolution
		HideSolutionNode = FALSE
	EndGlobalSection
	GlobalSection(ExtensibilityGlobals) = postSolution
		SolutionGuid = {AD6C709A-2C62-4723-B35E-6A0C395C8003}
	EndGlobalSection
EndGlobal
